
Microsoft Visual Studio Solution File, Format Version 12.00
# Visual Studio 15
VisualStudioVersion = 15.0.33919.361
MinimumVisualStudioVersion = 10.0.40219.1
Project("{8BC9CEB8-8B4A-11D0-8D11-00A0C91BC942}") = "NgCenter", "siCenter\siCenter.vcxproj", "{70DEF63B-DB02-4AC4-81B7-49D252F6C3C7}"
	ProjectSection(ProjectDependencies) = postProject
		{5E0B3721-4443-42CB-AB9E-548B817F880F} = {5E0B3721-4443-42CB-AB9E-548B817F880F}
		{6C6BDA44-0D75-4D12-B05E-74E387188B84} = {6C6BDA44-0D75-4D12-B05E-74E387188B84}
		{B9E57849-C37F-4499-B463-C253896CA696} = {B9E57849-C37F-4499-B463-C253896CA696}
		{D36BBF4A-D1CE-46E0-83F4-CEE0AB65C67E} = {D36BBF4A-D1CE-46E0-83F4-CEE0AB65C67E}
		{BD9531B8-6CAB-45EE-B087-CE3EDCD39A36} = {BD9531B8-6CAB-45EE-B087-CE3EDCD39A36}
		{F37E66C0-740F-438A-B367-92B58ACED916} = {F37E66C0-740F-438A-B367-92B58ACED916}
	EndProjectSection
EndProject
Project("{8BC9CEB8-8B4A-11D0-8D11-00A0C91BC942}") = "dump", "common\dump\dump.vcxproj", "{5E0B3721-4443-42CB-AB9E-548B817F880F}"
	ProjectSection(ProjectDependencies) = postProject
		{7C5459B0-BCA7-4525-8108-FB80F370E897} = {7C5459B0-BCA7-4525-8108-FB80F370E897}
	EndProjectSection
EndProject
Project("{8BC9CEB8-8B4A-11D0-8D11-00A0C91BC942}") = "filesystem", "common\filesystem\filesystem.vcxproj", "{F37E66C0-740F-438A-B367-92B58ACED916}"
	ProjectSection(ProjectDependencies) = postProject
		{7C5459B0-BCA7-4525-8108-FB80F370E897} = {7C5459B0-BCA7-4525-8108-FB80F370E897}
	EndProjectSection
EndProject
Project("{8BC9CEB8-8B4A-11D0-8D11-00A0C91BC942}") = "memory", "common\memory\memory.vcxproj", "{22C71039-0961-473F-84B5-5D2E425952F2}"
	ProjectSection(ProjectDependencies) = postProject
		{7C5459B0-BCA7-4525-8108-FB80F370E897} = {7C5459B0-BCA7-4525-8108-FB80F370E897}
	EndProjectSection
EndProject
Project("{8BC9CEB8-8B4A-11D0-8D11-00A0C91BC942}") = "network", "common\network\network.vcxproj", "{B9E57849-C37F-4499-B463-C253896CA696}"
	ProjectSection(ProjectDependencies) = postProject
		{5E0B3721-4443-42CB-AB9E-548B817F880F} = {5E0B3721-4443-42CB-AB9E-548B817F880F}
		{22C71039-0961-473F-84B5-5D2E425952F2} = {22C71039-0961-473F-84B5-5D2E425952F2}
		{D36BBF4A-D1CE-46E0-83F4-CEE0AB65C67E} = {D36BBF4A-D1CE-46E0-83F4-CEE0AB65C67E}
		{7C5459B0-BCA7-4525-8108-FB80F370E897} = {7C5459B0-BCA7-4525-8108-FB80F370E897}
		{F37E66C0-740F-438A-B367-92B58ACED916} = {F37E66C0-740F-438A-B367-92B58ACED916}
	EndProjectSection
EndProject
Project("{8BC9CEB8-8B4A-11D0-8D11-00A0C91BC942}") = "ODBC", "common\ODBC\ODBC.vcxproj", "{6C6BDA44-0D75-4D12-B05E-74E387188B84}"
	ProjectSection(ProjectDependencies) = postProject
		{5E0B3721-4443-42CB-AB9E-548B817F880F} = {5E0B3721-4443-42CB-AB9E-548B817F880F}
		{7C5459B0-BCA7-4525-8108-FB80F370E897} = {7C5459B0-BCA7-4525-8108-FB80F370E897}
		{F37E66C0-740F-438A-B367-92B58ACED916} = {F37E66C0-740F-438A-B367-92B58ACED916}
	EndProjectSection
EndProject
Project("{8BC9CEB8-8B4A-11D0-8D11-00A0C91BC942}") = "serverbase", "common\serverbase\serverbase.vcxproj", "{7C5459B0-BCA7-4525-8108-FB80F370E897}"
	ProjectSection(ProjectDependencies) = postProject
		{354CC39D-7E52-4F76-8F48-F7C7B46B4BCB} = {354CC39D-7E52-4F76-8F48-F7C7B46B4BCB}
	EndProjectSection
EndProject
Project("{8BC9CEB8-8B4A-11D0-8D11-00A0C91BC942}") = "ServerDefine", "common\ServerDefine\ServerDefine.vcxproj", "{BD9531B8-6CAB-45EE-B087-CE3EDCD39A36}"
EndProject
Project("{8BC9CEB8-8B4A-11D0-8D11-00A0C91BC942}") = "serverframe", "common\serverframe\serverframe.vcxproj", "{D36BBF4A-D1CE-46E0-83F4-CEE0AB65C67E}"
	ProjectSection(ProjectDependencies) = postProject
		{22C71039-0961-473F-84B5-5D2E425952F2} = {22C71039-0961-473F-84B5-5D2E425952F2}
		{7C5459B0-BCA7-4525-8108-FB80F370E897} = {7C5459B0-BCA7-4525-8108-FB80F370E897}
	EndProjectSection
EndProject
Project("{8BC9CEB8-8B4A-11D0-8D11-00A0C91BC942}") = "bill", "bill\bill.vcxproj", "{93B403AB-4462-46CA-A51C-31B313A06A4A}"
	ProjectSection(ProjectDependencies) = postProject
		{5E0B3721-4443-42CB-AB9E-548B817F880F} = {5E0B3721-4443-42CB-AB9E-548B817F880F}
		{6C6BDA44-0D75-4D12-B05E-74E387188B84} = {6C6BDA44-0D75-4D12-B05E-74E387188B84}
		{B9E57849-C37F-4499-B463-C253896CA696} = {B9E57849-C37F-4499-B463-C253896CA696}
		{D36BBF4A-D1CE-46E0-83F4-CEE0AB65C67E} = {D36BBF4A-D1CE-46E0-83F4-CEE0AB65C67E}
		{7C5459B0-BCA7-4525-8108-FB80F370E897} = {7C5459B0-BCA7-4525-8108-FB80F370E897}
		{BD9531B8-6CAB-45EE-B087-CE3EDCD39A36} = {BD9531B8-6CAB-45EE-B087-CE3EDCD39A36}
		{F37E66C0-740F-438A-B367-92B58ACED916} = {F37E66C0-740F-438A-B367-92B58ACED916}
	EndProjectSection
EndProject
Project("{8BC9CEB8-8B4A-11D0-8D11-00A0C91BC942}") = "NgDBServer", "siDBServer\siDBServer.vcxproj", "{C40C39F4-5CC2-489F-A392-73CBBBD82254}"
	ProjectSection(ProjectDependencies) = postProject
		{5E0B3721-4443-42CB-AB9E-548B817F880F} = {5E0B3721-4443-42CB-AB9E-548B817F880F}
		{6C6BDA44-0D75-4D12-B05E-74E387188B84} = {6C6BDA44-0D75-4D12-B05E-74E387188B84}
		{B9E57849-C37F-4499-B463-C253896CA696} = {B9E57849-C37F-4499-B463-C253896CA696}
		{D36BBF4A-D1CE-46E0-83F4-CEE0AB65C67E} = {D36BBF4A-D1CE-46E0-83F4-CEE0AB65C67E}
		{BD9531B8-6CAB-45EE-B087-CE3EDCD39A36} = {BD9531B8-6CAB-45EE-B087-CE3EDCD39A36}
		{F37E66C0-740F-438A-B367-92B58ACED916} = {F37E66C0-740F-438A-B367-92B58ACED916}
	EndProjectSection
EndProject
Project("{8BC9CEB8-8B4A-11D0-8D11-00A0C91BC942}") = "NgGMServer", "siGMServer\siGMServer.vcxproj", "{238896F3-B37E-4E98-9C33-7EF8E5A326B1}"
	ProjectSection(ProjectDependencies) = postProject
		{6C6BDA44-0D75-4D12-B05E-74E387188B84} = {6C6BDA44-0D75-4D12-B05E-74E387188B84}
		{B9E57849-C37F-4499-B463-C253896CA696} = {B9E57849-C37F-4499-B463-C253896CA696}
	EndProjectSection
EndProject
Project("{8BC9CEB8-8B4A-11D0-8D11-00A0C91BC942}") = "NgLoginServer", "siLogin\siLogin.vcxproj", "{D32AFDD2-C69D-4AD2-8C67-EA97DB6CB26F}"
	ProjectSection(ProjectDependencies) = postProject
		{5E0B3721-4443-42CB-AB9E-548B817F880F} = {5E0B3721-4443-42CB-AB9E-548B817F880F}
		{6C6BDA44-0D75-4D12-B05E-74E387188B84} = {6C6BDA44-0D75-4D12-B05E-74E387188B84}
		{B9E57849-C37F-4499-B463-C253896CA696} = {B9E57849-C37F-4499-B463-C253896CA696}
		{D36BBF4A-D1CE-46E0-83F4-CEE0AB65C67E} = {D36BBF4A-D1CE-46E0-83F4-CEE0AB65C67E}
		{BD9531B8-6CAB-45EE-B087-CE3EDCD39A36} = {BD9531B8-6CAB-45EE-B087-CE3EDCD39A36}
		{F37E66C0-740F-438A-B367-92B58ACED916} = {F37E66C0-740F-438A-B367-92B58ACED916}
	EndProjectSection
EndProject
Project("{8BC9CEB8-8B4A-11D0-8D11-00A0C91BC942}") = "NgGameServer", "siGameServer\siGameServer.vcxproj", "{950A5882-B9EE-4B12-A4A8-F59BE569DC13}"
	ProjectSection(ProjectDependencies) = postProject
		{5E0B3721-4443-42CB-AB9E-548B817F880F} = {5E0B3721-4443-42CB-AB9E-548B817F880F}
		{22C71039-0961-473F-84B5-5D2E425952F2} = {22C71039-0961-473F-84B5-5D2E425952F2}
		{B9E57849-C37F-4499-B463-C253896CA696} = {B9E57849-C37F-4499-B463-C253896CA696}
		{D36BBF4A-D1CE-46E0-83F4-CEE0AB65C67E} = {D36BBF4A-D1CE-46E0-83F4-CEE0AB65C67E}
		{354CC39D-7E52-4F76-8F48-F7C7B46B4BCB} = {354CC39D-7E52-4F76-8F48-F7C7B46B4BCB}
		{7C5459B0-BCA7-4525-8108-FB80F370E897} = {7C5459B0-BCA7-4525-8108-FB80F370E897}
		{BD9531B8-6CAB-45EE-B087-CE3EDCD39A36} = {BD9531B8-6CAB-45EE-B087-CE3EDCD39A36}
		{F37E66C0-740F-438A-B367-92B58ACED916} = {F37E66C0-740F-438A-B367-92B58ACED916}
	EndProjectSection
EndProject
Project("{8BC9CEB8-8B4A-11D0-8D11-00A0C91BC942}") = "Lua", "common\Lua\Lua.vcxproj", "{354CC39D-7E52-4F76-8F48-F7C7B46B4BCB}"
EndProject
Project("{2150E333-8FDC-42A3-9474-1A3956D46DE8}") = "exe", "exe", "{0800772A-F367-4061-ADE7-0F97C74F4154}"
EndProject
Project("{2150E333-8FDC-42A3-9474-1A3956D46DE8}") = "library", "library", "{4768A0D5-BF9C-4F39-9846-431240701C42}"
EndProject
Project("{8BC9CEB8-8B4A-11D0-8D11-00A0C91BC942}") = "WorldDefine", "common\WorldDefine\WorldDefine.vcxproj", "{00C176DA-FE8F-442B-BBAC-084D8E69E439}"
EndProject
Global
	GlobalSection(SolutionConfigurationPlatforms) = preSolution
		Client_Debug|Win32 = Client_Debug|Win32
		Debug|Win32 = Debug|Win32
		Lib_debug|Win32 = Lib_debug|Win32
		Release|Win32 = Release|Win32
		StaticDebug|Win32 = StaticDebug|Win32
		StaticLib_Debug|Win32 = StaticLib_Debug|Win32
		StaticLib_Release|Win32 = StaticLib_Release|Win32
	EndGlobalSection
	GlobalSection(ProjectConfigurationPlatforms) = postSolution
		{70DEF63B-DB02-4AC4-81B7-49D252F6C3C7}.Client_Debug|Win32.ActiveCfg = Debug|Win32
		{70DEF63B-DB02-4AC4-81B7-49D252F6C3C7}.Client_Debug|Win32.Build.0 = Debug|Win32
		{70DEF63B-DB02-4AC4-81B7-49D252F6C3C7}.Debug|Win32.ActiveCfg = Debug|Win32
		{70DEF63B-DB02-4AC4-81B7-49D252F6C3C7}.Debug|Win32.Build.0 = Debug|Win32
		{70DEF63B-DB02-4AC4-81B7-49D252F6C3C7}.Lib_debug|Win32.ActiveCfg = Release|Win32
		{70DEF63B-DB02-4AC4-81B7-49D252F6C3C7}.Lib_debug|Win32.Build.0 = Release|Win32
		{70DEF63B-DB02-4AC4-81B7-49D252F6C3C7}.Release|Win32.ActiveCfg = Release|Win32
		{70DEF63B-DB02-4AC4-81B7-49D252F6C3C7}.Release|Win32.Build.0 = Release|Win32
		{70DEF63B-DB02-4AC4-81B7-49D252F6C3C7}.StaticDebug|Win32.ActiveCfg = Debug|Win32
		{70DEF63B-DB02-4AC4-81B7-49D252F6C3C7}.StaticDebug|Win32.Build.0 = Debug|Win32
		{70DEF63B-DB02-4AC4-81B7-49D252F6C3C7}.StaticLib_Debug|Win32.ActiveCfg = Debug|Win32
		{70DEF63B-DB02-4AC4-81B7-49D252F6C3C7}.StaticLib_Debug|Win32.Build.0 = Debug|Win32
		{70DEF63B-DB02-4AC4-81B7-49D252F6C3C7}.StaticLib_Release|Win32.ActiveCfg = Release|Win32
		{70DEF63B-DB02-4AC4-81B7-49D252F6C3C7}.StaticLib_Release|Win32.Build.0 = Release|Win32
		{5E0B3721-4443-42CB-AB9E-548B817F880F}.Client_Debug|Win32.ActiveCfg = Debug|Win32
		{5E0B3721-4443-42CB-AB9E-548B817F880F}.Client_Debug|Win32.Build.0 = Debug|Win32
		{5E0B3721-4443-42CB-AB9E-548B817F880F}.Debug|Win32.ActiveCfg = Debug|Win32
		{5E0B3721-4443-42CB-AB9E-548B817F880F}.Debug|Win32.Build.0 = Debug|Win32
		{5E0B3721-4443-42CB-AB9E-548B817F880F}.Lib_debug|Win32.ActiveCfg = Release|Win32
		{5E0B3721-4443-42CB-AB9E-548B817F880F}.Lib_debug|Win32.Build.0 = Release|Win32
		{5E0B3721-4443-42CB-AB9E-548B817F880F}.Release|Win32.ActiveCfg = Release|Win32
		{5E0B3721-4443-42CB-AB9E-548B817F880F}.Release|Win32.Build.0 = Release|Win32
		{5E0B3721-4443-42CB-AB9E-548B817F880F}.StaticDebug|Win32.ActiveCfg = Debug|Win32
		{5E0B3721-4443-42CB-AB9E-548B817F880F}.StaticDebug|Win32.Build.0 = Debug|Win32
		{5E0B3721-4443-42CB-AB9E-548B817F880F}.StaticLib_Debug|Win32.ActiveCfg = Debug|Win32
		{5E0B3721-4443-42CB-AB9E-548B817F880F}.StaticLib_Debug|Win32.Build.0 = Debug|Win32
		{5E0B3721-4443-42CB-AB9E-548B817F880F}.StaticLib_Release|Win32.ActiveCfg = Release|Win32
		{5E0B3721-4443-42CB-AB9E-548B817F880F}.StaticLib_Release|Win32.Build.0 = Release|Win32
		{F37E66C0-740F-438A-B367-92B58ACED916}.Client_Debug|Win32.ActiveCfg = Debug|Win32
		{F37E66C0-740F-438A-B367-92B58ACED916}.Client_Debug|Win32.Build.0 = Debug|Win32
		{F37E66C0-740F-438A-B367-92B58ACED916}.Debug|Win32.ActiveCfg = Debug|Win32
		{F37E66C0-740F-438A-B367-92B58ACED916}.Debug|Win32.Build.0 = Debug|Win32
		{F37E66C0-740F-438A-B367-92B58ACED916}.Lib_debug|Win32.ActiveCfg = Release|Win32
		{F37E66C0-740F-438A-B367-92B58ACED916}.Lib_debug|Win32.Build.0 = Release|Win32
		{F37E66C0-740F-438A-B367-92B58ACED916}.Release|Win32.ActiveCfg = Release|Win32
		{F37E66C0-740F-438A-B367-92B58ACED916}.Release|Win32.Build.0 = Release|Win32
		{F37E66C0-740F-438A-B367-92B58ACED916}.StaticDebug|Win32.ActiveCfg = Debug|Win32
		{F37E66C0-740F-438A-B367-92B58ACED916}.StaticDebug|Win32.Build.0 = Debug|Win32
		{F37E66C0-740F-438A-B367-92B58ACED916}.StaticLib_Debug|Win32.ActiveCfg = Debug|Win32
		{F37E66C0-740F-438A-B367-92B58ACED916}.StaticLib_Debug|Win32.Build.0 = Debug|Win32
		{F37E66C0-740F-438A-B367-92B58ACED916}.StaticLib_Release|Win32.ActiveCfg = Release|Win32
		{F37E66C0-740F-438A-B367-92B58ACED916}.StaticLib_Release|Win32.Build.0 = Release|Win32
		{22C71039-0961-473F-84B5-5D2E425952F2}.Client_Debug|Win32.ActiveCfg = Debug|Win32
		{22C71039-0961-473F-84B5-5D2E425952F2}.Client_Debug|Win32.Build.0 = Debug|Win32
		{22C71039-0961-473F-84B5-5D2E425952F2}.Debug|Win32.ActiveCfg = Debug|Win32
		{22C71039-0961-473F-84B5-5D2E425952F2}.Debug|Win32.Build.0 = Debug|Win32
		{22C71039-0961-473F-84B5-5D2E425952F2}.Lib_debug|Win32.ActiveCfg = Release|Win32
		{22C71039-0961-473F-84B5-5D2E425952F2}.Lib_debug|Win32.Build.0 = Release|Win32
		{22C71039-0961-473F-84B5-5D2E425952F2}.Release|Win32.ActiveCfg = Release|Win32
		{22C71039-0961-473F-84B5-5D2E425952F2}.Release|Win32.Build.0 = Release|Win32
		{22C71039-0961-473F-84B5-5D2E425952F2}.StaticDebug|Win32.ActiveCfg = Debug|Win32
		{22C71039-0961-473F-84B5-5D2E425952F2}.StaticDebug|Win32.Build.0 = Debug|Win32
		{22C71039-0961-473F-84B5-5D2E425952F2}.StaticLib_Debug|Win32.ActiveCfg = Debug|Win32
		{22C71039-0961-473F-84B5-5D2E425952F2}.StaticLib_Debug|Win32.Build.0 = Debug|Win32
		{22C71039-0961-473F-84B5-5D2E425952F2}.StaticLib_Release|Win32.ActiveCfg = Release|Win32
		{22C71039-0961-473F-84B5-5D2E425952F2}.StaticLib_Release|Win32.Build.0 = Release|Win32
		{B9E57849-C37F-4499-B463-C253896CA696}.Client_Debug|Win32.ActiveCfg = Debug|Win32
		{B9E57849-C37F-4499-B463-C253896CA696}.Client_Debug|Win32.Build.0 = Debug|Win32
		{B9E57849-C37F-4499-B463-C253896CA696}.Debug|Win32.ActiveCfg = Debug|Win32
		{B9E57849-C37F-4499-B463-C253896CA696}.Debug|Win32.Build.0 = Debug|Win32
		{B9E57849-C37F-4499-B463-C253896CA696}.Lib_debug|Win32.ActiveCfg = Release|Win32
		{B9E57849-C37F-4499-B463-C253896CA696}.Lib_debug|Win32.Build.0 = Release|Win32
		{B9E57849-C37F-4499-B463-C253896CA696}.Release|Win32.ActiveCfg = Release|Win32
		{B9E57849-C37F-4499-B463-C253896CA696}.Release|Win32.Build.0 = Release|Win32
		{B9E57849-C37F-4499-B463-C253896CA696}.StaticDebug|Win32.ActiveCfg = Debug|Win32
		{B9E57849-C37F-4499-B463-C253896CA696}.StaticDebug|Win32.Build.0 = Debug|Win32
		{B9E57849-C37F-4499-B463-C253896CA696}.StaticLib_Debug|Win32.ActiveCfg = Debug|Win32
		{B9E57849-C37F-4499-B463-C253896CA696}.StaticLib_Debug|Win32.Build.0 = Debug|Win32
		{B9E57849-C37F-4499-B463-C253896CA696}.StaticLib_Release|Win32.ActiveCfg = Release|Win32
		{B9E57849-C37F-4499-B463-C253896CA696}.StaticLib_Release|Win32.Build.0 = Release|Win32
		{6C6BDA44-0D75-4D12-B05E-74E387188B84}.Client_Debug|Win32.ActiveCfg = Debug|Win32
		{6C6BDA44-0D75-4D12-B05E-74E387188B84}.Client_Debug|Win32.Build.0 = Debug|Win32
		{6C6BDA44-0D75-4D12-B05E-74E387188B84}.Debug|Win32.ActiveCfg = Debug|Win32
		{6C6BDA44-0D75-4D12-B05E-74E387188B84}.Debug|Win32.Build.0 = Debug|Win32
		{6C6BDA44-0D75-4D12-B05E-74E387188B84}.Lib_debug|Win32.ActiveCfg = Release|Win32
		{6C6BDA44-0D75-4D12-B05E-74E387188B84}.Lib_debug|Win32.Build.0 = Release|Win32
		{6C6BDA44-0D75-4D12-B05E-74E387188B84}.Release|Win32.ActiveCfg = Release|Win32
		{6C6BDA44-0D75-4D12-B05E-74E387188B84}.Release|Win32.Build.0 = Release|Win32
		{6C6BDA44-0D75-4D12-B05E-74E387188B84}.StaticDebug|Win32.ActiveCfg = Debug|Win32
		{6C6BDA44-0D75-4D12-B05E-74E387188B84}.StaticDebug|Win32.Build.0 = Debug|Win32
		{6C6BDA44-0D75-4D12-B05E-74E387188B84}.StaticLib_Debug|Win32.ActiveCfg = Debug|Win32
		{6C6BDA44-0D75-4D12-B05E-74E387188B84}.StaticLib_Debug|Win32.Build.0 = Debug|Win32
		{6C6BDA44-0D75-4D12-B05E-74E387188B84}.StaticLib_Release|Win32.ActiveCfg = Release|Win32
		{6C6BDA44-0D75-4D12-B05E-74E387188B84}.StaticLib_Release|Win32.Build.0 = Release|Win32
		{7C5459B0-BCA7-4525-8108-FB80F370E897}.Client_Debug|Win32.ActiveCfg = Debug|Win32
		{7C5459B0-BCA7-4525-8108-FB80F370E897}.Client_Debug|Win32.Build.0 = Debug|Win32
		{7C5459B0-BCA7-4525-8108-FB80F370E897}.Debug|Win32.ActiveCfg = Debug|Win32
		{7C5459B0-BCA7-4525-8108-FB80F370E897}.Debug|Win32.Build.0 = Debug|Win32
		{7C5459B0-BCA7-4525-8108-FB80F370E897}.Lib_debug|Win32.ActiveCfg = Lib_debug|Win32
		{7C5459B0-BCA7-4525-8108-FB80F370E897}.Lib_debug|Win32.Build.0 = Lib_debug|Win32
		{7C5459B0-BCA7-4525-8108-FB80F370E897}.Release|Win32.ActiveCfg = Release|Win32
		{7C5459B0-BCA7-4525-8108-FB80F370E897}.Release|Win32.Build.0 = Release|Win32
		{7C5459B0-BCA7-4525-8108-FB80F370E897}.StaticDebug|Win32.ActiveCfg = StaticDebug|Win32
		{7C5459B0-BCA7-4525-8108-FB80F370E897}.StaticDebug|Win32.Build.0 = StaticDebug|Win32
		{7C5459B0-BCA7-4525-8108-FB80F370E897}.StaticLib_Debug|Win32.ActiveCfg = Debug|Win32
		{7C5459B0-BCA7-4525-8108-FB80F370E897}.StaticLib_Debug|Win32.Build.0 = Debug|Win32
		{7C5459B0-BCA7-4525-8108-FB80F370E897}.StaticLib_Release|Win32.ActiveCfg = Release|Win32
		{7C5459B0-BCA7-4525-8108-FB80F370E897}.StaticLib_Release|Win32.Build.0 = Release|Win32
		{BD9531B8-6CAB-45EE-B087-CE3EDCD39A36}.Client_Debug|Win32.ActiveCfg = Debug|Win32
		{BD9531B8-6CAB-45EE-B087-CE3EDCD39A36}.Client_Debug|Win32.Build.0 = Debug|Win32
		{BD9531B8-6CAB-45EE-B087-CE3EDCD39A36}.Debug|Win32.ActiveCfg = Debug|Win32
		{BD9531B8-6CAB-45EE-B087-CE3EDCD39A36}.Debug|Win32.Build.0 = Debug|Win32
		{BD9531B8-6CAB-45EE-B087-CE3EDCD39A36}.Lib_debug|Win32.ActiveCfg = Release|Win32
		{BD9531B8-6CAB-45EE-B087-CE3EDCD39A36}.Lib_debug|Win32.Build.0 = Release|Win32
		{BD9531B8-6CAB-45EE-B087-CE3EDCD39A36}.Release|Win32.ActiveCfg = Release|Win32
		{BD9531B8-6CAB-45EE-B087-CE3EDCD39A36}.Release|Win32.Build.0 = Release|Win32
		{BD9531B8-6CAB-45EE-B087-CE3EDCD39A36}.StaticDebug|Win32.ActiveCfg = Debug|Win32
		{BD9531B8-6CAB-45EE-B087-CE3EDCD39A36}.StaticDebug|Win32.Build.0 = Debug|Win32
		{BD9531B8-6CAB-45EE-B087-CE3EDCD39A36}.StaticLib_Debug|Win32.ActiveCfg = Debug|Win32
		{BD9531B8-6CAB-45EE-B087-CE3EDCD39A36}.StaticLib_Debug|Win32.Build.0 = Debug|Win32
		{BD9531B8-6CAB-45EE-B087-CE3EDCD39A36}.StaticLib_Release|Win32.ActiveCfg = Release|Win32
		{BD9531B8-6CAB-45EE-B087-CE3EDCD39A36}.StaticLib_Release|Win32.Build.0 = Release|Win32
		{D36BBF4A-D1CE-46E0-83F4-CEE0AB65C67E}.Client_Debug|Win32.ActiveCfg = Debug|Win32
		{D36BBF4A-D1CE-46E0-83F4-CEE0AB65C67E}.Client_Debug|Win32.Build.0 = Debug|Win32
		{D36BBF4A-D1CE-46E0-83F4-CEE0AB65C67E}.Debug|Win32.ActiveCfg = Debug|Win32
		{D36BBF4A-D1CE-46E0-83F4-CEE0AB65C67E}.Debug|Win32.Build.0 = Debug|Win32
		{D36BBF4A-D1CE-46E0-83F4-CEE0AB65C67E}.Lib_debug|Win32.ActiveCfg = Release|Win32
		{D36BBF4A-D1CE-46E0-83F4-CEE0AB65C67E}.Lib_debug|Win32.Build.0 = Release|Win32
		{D36BBF4A-D1CE-46E0-83F4-CEE0AB65C67E}.Release|Win32.ActiveCfg = Release|Win32
		{D36BBF4A-D1CE-46E0-83F4-CEE0AB65C67E}.Release|Win32.Build.0 = Release|Win32
		{D36BBF4A-D1CE-46E0-83F4-CEE0AB65C67E}.StaticDebug|Win32.ActiveCfg = Debug|Win32
		{D36BBF4A-D1CE-46E0-83F4-CEE0AB65C67E}.StaticDebug|Win32.Build.0 = Debug|Win32
		{D36BBF4A-D1CE-46E0-83F4-CEE0AB65C67E}.StaticLib_Debug|Win32.ActiveCfg = Debug|Win32
		{D36BBF4A-D1CE-46E0-83F4-CEE0AB65C67E}.StaticLib_Debug|Win32.Build.0 = Debug|Win32
		{D36BBF4A-D1CE-46E0-83F4-CEE0AB65C67E}.StaticLib_Release|Win32.ActiveCfg = Release|Win32
		{D36BBF4A-D1CE-46E0-83F4-CEE0AB65C67E}.StaticLib_Release|Win32.Build.0 = Release|Win32
		{93B403AB-4462-46CA-A51C-31B313A06A4A}.Client_Debug|Win32.ActiveCfg = Debug|Win32
		{93B403AB-4462-46CA-A51C-31B313A06A4A}.Client_Debug|Win32.Build.0 = Debug|Win32
		{93B403AB-4462-46CA-A51C-31B313A06A4A}.Debug|Win32.ActiveCfg = Debug|Win32
		{93B403AB-4462-46CA-A51C-31B313A06A4A}.Debug|Win32.Build.0 = Debug|Win32
		{93B403AB-4462-46CA-A51C-31B313A06A4A}.Lib_debug|Win32.ActiveCfg = Release|Win32
		{93B403AB-4462-46CA-A51C-31B313A06A4A}.Lib_debug|Win32.Build.0 = Release|Win32
		{93B403AB-4462-46CA-A51C-31B313A06A4A}.Release|Win32.ActiveCfg = Release|Win32
		{93B403AB-4462-46CA-A51C-31B313A06A4A}.Release|Win32.Build.0 = Release|Win32
		{93B403AB-4462-46CA-A51C-31B313A06A4A}.StaticDebug|Win32.ActiveCfg = Debug|Win32
		{93B403AB-4462-46CA-A51C-31B313A06A4A}.StaticDebug|Win32.Build.0 = Debug|Win32
		{93B403AB-4462-46CA-A51C-31B313A06A4A}.StaticLib_Debug|Win32.ActiveCfg = Debug|Win32
		{93B403AB-4462-46CA-A51C-31B313A06A4A}.StaticLib_Debug|Win32.Build.0 = Debug|Win32
		{93B403AB-4462-46CA-A51C-31B313A06A4A}.StaticLib_Release|Win32.ActiveCfg = Release|Win32
		{93B403AB-4462-46CA-A51C-31B313A06A4A}.StaticLib_Release|Win32.Build.0 = Release|Win32
		{C40C39F4-5CC2-489F-A392-73CBBBD82254}.Client_Debug|Win32.ActiveCfg = Debug|Win32
		{C40C39F4-5CC2-489F-A392-73CBBBD82254}.Client_Debug|Win32.Build.0 = Debug|Win32
		{C40C39F4-5CC2-489F-A392-73CBBBD82254}.Debug|Win32.ActiveCfg = Debug|Win32
		{C40C39F4-5CC2-489F-A392-73CBBBD82254}.Debug|Win32.Build.0 = Debug|Win32
		{C40C39F4-5CC2-489F-A392-73CBBBD82254}.Lib_debug|Win32.ActiveCfg = Release|Win32
		{C40C39F4-5CC2-489F-A392-73CBBBD82254}.Lib_debug|Win32.Build.0 = Release|Win32
		{C40C39F4-5CC2-489F-A392-73CBBBD82254}.Release|Win32.ActiveCfg = Release|Win32
		{C40C39F4-5CC2-489F-A392-73CBBBD82254}.Release|Win32.Build.0 = Release|Win32
		{C40C39F4-5CC2-489F-A392-73CBBBD82254}.StaticDebug|Win32.ActiveCfg = Debug|Win32
		{C40C39F4-5CC2-489F-A392-73CBBBD82254}.StaticDebug|Win32.Build.0 = Debug|Win32
		{C40C39F4-5CC2-489F-A392-73CBBBD82254}.StaticLib_Debug|Win32.ActiveCfg = Debug|Win32
		{C40C39F4-5CC2-489F-A392-73CBBBD82254}.StaticLib_Debug|Win32.Build.0 = Debug|Win32
		{C40C39F4-5CC2-489F-A392-73CBBBD82254}.StaticLib_Release|Win32.ActiveCfg = Release|Win32
		{C40C39F4-5CC2-489F-A392-73CBBBD82254}.StaticLib_Release|Win32.Build.0 = Release|Win32
		{238896F3-B37E-4E98-9C33-7EF8E5A326B1}.Client_Debug|Win32.ActiveCfg = Debug|Win32
		{238896F3-B37E-4E98-9C33-7EF8E5A326B1}.Client_Debug|Win32.Build.0 = Debug|Win32
		{238896F3-B37E-4E98-9C33-7EF8E5A326B1}.Debug|Win32.ActiveCfg = Debug|Win32
		{238896F3-B37E-4E98-9C33-7EF8E5A326B1}.Debug|Win32.Build.0 = Debug|Win32
		{238896F3-B37E-4E98-9C33-7EF8E5A326B1}.Lib_debug|Win32.ActiveCfg = Release|Win32
		{238896F3-B37E-4E98-9C33-7EF8E5A326B1}.Lib_debug|Win32.Build.0 = Release|Win32
		{238896F3-B37E-4E98-9C33-7EF8E5A326B1}.Release|Win32.ActiveCfg = Release|Win32
		{238896F3-B37E-4E98-9C33-7EF8E5A326B1}.Release|Win32.Build.0 = Release|Win32
		{238896F3-B37E-4E98-9C33-7EF8E5A326B1}.StaticDebug|Win32.ActiveCfg = Debug|Win32
		{238896F3-B37E-4E98-9C33-7EF8E5A326B1}.StaticDebug|Win32.Build.0 = Debug|Win32
		{238896F3-B37E-4E98-9C33-7EF8E5A326B1}.StaticLib_Debug|Win32.ActiveCfg = Debug|Win32
		{238896F3-B37E-4E98-9C33-7EF8E5A326B1}.StaticLib_Debug|Win32.Build.0 = Debug|Win32
		{238896F3-B37E-4E98-9C33-7EF8E5A326B1}.StaticLib_Release|Win32.ActiveCfg = Release|Win32
		{238896F3-B37E-4E98-9C33-7EF8E5A326B1}.StaticLib_Release|Win32.Build.0 = Release|Win32
		{D32AFDD2-C69D-4AD2-8C67-EA97DB6CB26F}.Client_Debug|Win32.ActiveCfg = Debug|Win32
		{D32AFDD2-C69D-4AD2-8C67-EA97DB6CB26F}.Client_Debug|Win32.Build.0 = Debug|Win32
		{D32AFDD2-C69D-4AD2-8C67-EA97DB6CB26F}.Debug|Win32.ActiveCfg = Debug|Win32
		{D32AFDD2-C69D-4AD2-8C67-EA97DB6CB26F}.Debug|Win32.Build.0 = Debug|Win32
		{D32AFDD2-C69D-4AD2-8C67-EA97DB6CB26F}.Lib_debug|Win32.ActiveCfg = Release|Win32
		{D32AFDD2-C69D-4AD2-8C67-EA97DB6CB26F}.Lib_debug|Win32.Build.0 = Release|Win32
		{D32AFDD2-C69D-4AD2-8C67-EA97DB6CB26F}.Release|Win32.ActiveCfg = Release|Win32
		{D32AFDD2-C69D-4AD2-8C67-EA97DB6CB26F}.Release|Win32.Build.0 = Release|Win32
		{D32AFDD2-C69D-4AD2-8C67-EA97DB6CB26F}.StaticDebug|Win32.ActiveCfg = Debug|Win32
		{D32AFDD2-C69D-4AD2-8C67-EA97DB6CB26F}.StaticDebug|Win32.Build.0 = Debug|Win32
		{D32AFDD2-C69D-4AD2-8C67-EA97DB6CB26F}.StaticLib_Debug|Win32.ActiveCfg = Debug|Win32
		{D32AFDD2-C69D-4AD2-8C67-EA97DB6CB26F}.StaticLib_Debug|Win32.Build.0 = Debug|Win32
		{D32AFDD2-C69D-4AD2-8C67-EA97DB6CB26F}.StaticLib_Release|Win32.ActiveCfg = Release|Win32
		{D32AFDD2-C69D-4AD2-8C67-EA97DB6CB26F}.StaticLib_Release|Win32.Build.0 = Release|Win32
		{950A5882-B9EE-4B12-A4A8-F59BE569DC13}.Client_Debug|Win32.ActiveCfg = Debug|Win32
		{950A5882-B9EE-4B12-A4A8-F59BE569DC13}.Client_Debug|Win32.Build.0 = Debug|Win32
		{950A5882-B9EE-4B12-A4A8-F59BE569DC13}.Debug|Win32.ActiveCfg = Debug|Win32
		{950A5882-B9EE-4B12-A4A8-F59BE569DC13}.Debug|Win32.Build.0 = Debug|Win32
		{950A5882-B9EE-4B12-A4A8-F59BE569DC13}.Lib_debug|Win32.ActiveCfg = Release|Win32
		{950A5882-B9EE-4B12-A4A8-F59BE569DC13}.Lib_debug|Win32.Build.0 = Release|Win32
		{950A5882-B9EE-4B12-A4A8-F59BE569DC13}.Release|Win32.ActiveCfg = Release|Win32
		{950A5882-B9EE-4B12-A4A8-F59BE569DC13}.Release|Win32.Build.0 = Release|Win32
		{950A5882-B9EE-4B12-A4A8-F59BE569DC13}.StaticDebug|Win32.ActiveCfg = Debug|Win32
		{950A5882-B9EE-4B12-A4A8-F59BE569DC13}.StaticDebug|Win32.Build.0 = Debug|Win32
		{950A5882-B9EE-4B12-A4A8-F59BE569DC13}.StaticLib_Debug|Win32.ActiveCfg = Debug|Win32
		{950A5882-B9EE-4B12-A4A8-F59BE569DC13}.StaticLib_Debug|Win32.Build.0 = Debug|Win32
		{950A5882-B9EE-4B12-A4A8-F59BE569DC13}.StaticLib_Release|Win32.ActiveCfg = Release|Win32
		{950A5882-B9EE-4B12-A4A8-F59BE569DC13}.StaticLib_Release|Win32.Build.0 = Release|Win32
		{354CC39D-7E52-4F76-8F48-F7C7B46B4BCB}.Client_Debug|Win32.ActiveCfg = Debug|Win32
		{354CC39D-7E52-4F76-8F48-F7C7B46B4BCB}.Client_Debug|Win32.Build.0 = Debug|Win32
		{354CC39D-7E52-4F76-8F48-F7C7B46B4BCB}.Debug|Win32.ActiveCfg = Debug|Win32
		{354CC39D-7E52-4F76-8F48-F7C7B46B4BCB}.Debug|Win32.Build.0 = Debug|Win32
		{354CC39D-7E52-4F76-8F48-F7C7B46B4BCB}.Lib_debug|Win32.ActiveCfg = Lib_debug|Win32
		{354CC39D-7E52-4F76-8F48-F7C7B46B4BCB}.Lib_debug|Win32.Build.0 = Lib_debug|Win32
		{354CC39D-7E52-4F76-8F48-F7C7B46B4BCB}.Release|Win32.ActiveCfg = Release|Win32
		{354CC39D-7E52-4F76-8F48-F7C7B46B4BCB}.Release|Win32.Build.0 = Release|Win32
		{354CC39D-7E52-4F76-8F48-F7C7B46B4BCB}.StaticDebug|Win32.ActiveCfg = StaticDebug|Win32
		{354CC39D-7E52-4F76-8F48-F7C7B46B4BCB}.StaticDebug|Win32.Build.0 = StaticDebug|Win32
		{354CC39D-7E52-4F76-8F48-F7C7B46B4BCB}.StaticLib_Debug|Win32.ActiveCfg = Debug|Win32
		{354CC39D-7E52-4F76-8F48-F7C7B46B4BCB}.StaticLib_Debug|Win32.Build.0 = Debug|Win32
		{354CC39D-7E52-4F76-8F48-F7C7B46B4BCB}.StaticLib_Release|Win32.ActiveCfg = Release|Win32
		{354CC39D-7E52-4F76-8F48-F7C7B46B4BCB}.StaticLib_Release|Win32.Build.0 = Release|Win32
		{00C176DA-FE8F-442B-BBAC-084D8E69E439}.Client_Debug|Win32.ActiveCfg = Debug|Win32
		{00C176DA-FE8F-442B-BBAC-084D8E69E439}.Client_Debug|Win32.Build.0 = Debug|Win32
		{00C176DA-FE8F-442B-BBAC-084D8E69E439}.Debug|Win32.ActiveCfg = Debug|Win32
		{00C176DA-FE8F-442B-BBAC-084D8E69E439}.Debug|Win32.Build.0 = Debug|Win32
		{00C176DA-FE8F-442B-BBAC-084D8E69E439}.Lib_debug|Win32.ActiveCfg = Release|Win32
		{00C176DA-FE8F-442B-BBAC-084D8E69E439}.Lib_debug|Win32.Build.0 = Release|Win32
		{00C176DA-FE8F-442B-BBAC-084D8E69E439}.Release|Win32.ActiveCfg = Release|Win32
		{00C176DA-FE8F-442B-BBAC-084D8E69E439}.Release|Win32.Build.0 = Release|Win32
		{00C176DA-FE8F-442B-BBAC-084D8E69E439}.StaticDebug|Win32.ActiveCfg = StaticLib_Release|Win32
		{00C176DA-FE8F-442B-BBAC-084D8E69E439}.StaticDebug|Win32.Build.0 = StaticLib_Release|Win32
		{00C176DA-FE8F-442B-BBAC-084D8E69E439}.StaticLib_Debug|Win32.ActiveCfg = StaticLib_Release|Win32
		{00C176DA-FE8F-442B-BBAC-084D8E69E439}.StaticLib_Debug|Win32.Build.0 = StaticLib_Release|Win32
		{00C176DA-FE8F-442B-BBAC-084D8E69E439}.StaticLib_Release|Win32.ActiveCfg = StaticLib_Release|Win32
		{00C176DA-FE8F-442B-BBAC-084D8E69E439}.StaticLib_Release|Win32.Build.0 = StaticLib_Release|Win32
	EndGlobalSection
	GlobalSection(SolutionProperties) = preSolution
		HideSolutionNode = FALSE
	EndGlobalSection
	GlobalSection(NestedProjects) = preSolution
		{70DEF63B-DB02-4AC4-81B7-49D252F6C3C7} = {0800772A-F367-4061-ADE7-0F97C74F4154}
		{5E0B3721-4443-42CB-AB9E-548B817F880F} = {4768A0D5-BF9C-4F39-9846-431240701C42}
		{F37E66C0-740F-438A-B367-92B58ACED916} = {4768A0D5-BF9C-4F39-9846-431240701C42}
		{22C71039-0961-473F-84B5-5D2E425952F2} = {4768A0D5-BF9C-4F39-9846-431240701C42}
		{B9E57849-C37F-4499-B463-C253896CA696} = {4768A0D5-BF9C-4F39-9846-431240701C42}
		{6C6BDA44-0D75-4D12-B05E-74E387188B84} = {4768A0D5-BF9C-4F39-9846-431240701C42}
		{7C5459B0-BCA7-4525-8108-FB80F370E897} = {4768A0D5-BF9C-4F39-9846-431240701C42}
		{BD9531B8-6CAB-45EE-B087-CE3EDCD39A36} = {4768A0D5-BF9C-4F39-9846-431240701C42}
		{D36BBF4A-D1CE-46E0-83F4-CEE0AB65C67E} = {4768A0D5-BF9C-4F39-9846-431240701C42}
		{93B403AB-4462-46CA-A51C-31B313A06A4A} = {0800772A-F367-4061-ADE7-0F97C74F4154}
		{C40C39F4-5CC2-489F-A392-73CBBBD82254} = {0800772A-F367-4061-ADE7-0F97C74F4154}
		{238896F3-B37E-4E98-9C33-7EF8E5A326B1} = {0800772A-F367-4061-ADE7-0F97C74F4154}
		{D32AFDD2-C69D-4AD2-8C67-EA97DB6CB26F} = {0800772A-F367-4061-ADE7-0F97C74F4154}
		{950A5882-B9EE-4B12-A4A8-F59BE569DC13} = {0800772A-F367-4061-ADE7-0F97C74F4154}
		{354CC39D-7E52-4F76-8F48-F7C7B46B4BCB} = {0800772A-F367-4061-ADE7-0F97C74F4154}
		{00C176DA-FE8F-442B-BBAC-084D8E69E439} = {4768A0D5-BF9C-4F39-9846-431240701C42}
	EndGlobalSection
	GlobalSection(ExtensibilityGlobals) = postSolution
		SolutionGuid = {1169ED35-013D-410E-8563-8992CA1E566F}
	EndGlobalSection
EndGlobal
